
Microsoft Visual Studio Solution File, Format Version 12.00
# Visual Studio 15
VisualStudioVersion = 15.0.28010.2046
MinimumVisualStudioVersion = 10.0.40219.1
Project("{8BC9CEB8-8B4A-11D0-8D11-00A0C91BC942}") = "CrackingInterviewPractice", "CrackingInterviewPractice\CrackingInterviewPractice.vcxproj", "{ECC12F8F-0244-4B81-9B8E-18F63EAFAD3C}"
EndProject
Global
	GlobalSection(SolutionConfigurationPlatforms) = preSolution
		Debug|x64 = Debug|x64
		Debug|x86 = Debug|x86
		Release|x64 = Release|x64
		Release|x86 = Release|x86
	EndGlobalSection
	GlobalSection(ProjectConfigurationPlatforms) = postSolution
		{ECC12F8F-0244-4B81-9B8E-18F63EAFAD3C}.Debug|x64.ActiveCfg = Debug|x64
		{ECC12F8F-0244-4B81-9B8E-18F63EAFAD3C}.Debug|x64.Build.0 = Debug|x64
		{ECC12F8F-0244-4B81-9B8E-18F63EAFAD3C}.Debug|x86.ActiveCfg = Debug|Win32
		{ECC12F8F-0244-4B81-9B8E-18F63EAFAD3C}.Debug|x86.Build.0 = Debug|Win32
		{ECC12F8F-0244-4B81-9B8E-18F63EAFAD3C}.Release|x64.ActiveCfg = Release|x64
		{ECC12F8F-0244-4B81-9B8E-18F63EAFAD3C}.Release|x64.Build.0 = Release|x64
		{ECC12F8F-0244-4B81-9B8E-18F63EAFAD3C}.Release|x86.ActiveCfg = Debug|Win32
		{ECC12F8F-0244-4B81-9B8E-18F63EAFAD3C}.Release|x86.Build.0 = Debug|Win32
	EndGlobalSection
	GlobalSection(SolutionProperties) = preSolution
		HideSolutionNode = FALSE
	EndGlobalSection
	GlobalSection(ExtensibilityGlobals) = postSolution
		SolutionGuid = {960E9219-5DD9-481B-99FB-5FD76ABBA3CD}
	EndGlobalSection
EndGlobal
